
Microsoft Visual Studio Solution File, Format Version 12.00
# Visual Studio Version 17
VisualStudioVersion = 17.11.35303.130
MinimumVisualStudioVersion = 10.0.40219.1
Project("{FAE04EC0-301F-11D3-BF4B-00C04F79EFBC}") = "DaysBetweenService", "DaysBetweenService\DaysBetweenService.csproj", "{20E7DD1D-4A49-476A-8DDE-0C92EEB4D367}"
EndProject
Global
	GlobalSection(SolutionConfigurationPlatforms) = preSolution
		Debug|Any CPU = Debug|Any CPU
		Release|Any CPU = Release|Any CPU
	EndGlobalSection
	GlobalSection(ProjectConfigurationPlatforms) = postSolution
		{20E7DD1D-4A49-476A-8DDE-0C92EEB4D367}.Debug|Any CPU.ActiveCfg = Debug|Any CPU
		{20E7DD1D-4A49-476A-8DDE-0C92EEB4D367}.Debug|Any CPU.Build.0 = Debug|Any CPU
		{20E7DD1D-4A49-476A-8DDE-0C92EEB4D367}.Release|Any CPU.ActiveCfg = Release|Any CPU
		{20E7DD1D-4A49-476A-8DDE-0C92EEB4D367}.Release|Any CPU.Build.0 = Release|Any CPU
	EndGlobalSection
	GlobalSection(SolutionProperties) = preSolution
		HideSolutionNode = FALSE
	EndGlobalSection
	GlobalSection(ExtensibilityGlobals) = postSolution
		SolutionGuid = {F81CA8C9-70CF-47DB-869B-3AF744790882}
	EndGlobalSection
EndGlobal
